// !$*UTF8*$!
{
	archiveVersion = 1;
	classes = {
	};
	objectVersion = 48;
	objects = {

/* Begin PBXBuildFile section */
		14DA256E206BDF4F009A18CE /* AppDelegate.swift in Sources */ = {isa = PBXBuildFile; fileRef = 14DA256D206BDF4F009A18CE /* AppDelegate.swift */; };
		14DA2570206BDF4F009A18CE /* ViewController.swift in Sources */ = {isa = PBXBuildFile; fileRef = 14DA256F206BDF4F009A18CE /* ViewController.swift */; };
		14DA2573206BDF4F009A18CE /* Main.storyboard in Resources */ = {isa = PBXBuildFile; fileRef = 14DA2571206BDF4F009A18CE /* Main.storyboard */; };
		14DA2575206BDF4F009A18CE /* Assets.xcassets in Resources */ = {isa = PBXBuildFile; fileRef = 14DA2574206BDF4F009A18CE /* Assets.xcassets */; };
		14DA2578206BDF4F009A18CE /* LaunchScreen.storyboard in Resources */ = {isa = PBXBuildFile; fileRef = 14DA2576206BDF4F009A18CE /* LaunchScreen.storyboard */; };
		14DA2583206BDF4F009A18CE /* TwoButtonsTests.swift in Sources */ = {isa = PBXBuildFile; fileRef = 14DA2582206BDF4F009A18CE /* TwoButtonsTests.swift */; };
		14DA258E206BDF4F009A18CE /* TwoButtonsUITests.swift in Sources */ = {isa = PBXBuildFile; fileRef = 14DA258D206BDF4F009A18CE /* TwoButtonsUITests.swift */; };
/* End PBXBuildFile section */

/* Begin PBXContainerItemProxy section */
		14DA257F206BDF4F009A18CE /* PBXContainerItemProxy */ = {
			isa = PBXContainerItemProxy;
			containerPortal = 14DA2562206BDF4E009A18CE /* Project object */;
			proxyType = 1;
			remoteGlobalIDString = 14DA2569206BDF4E009A18CE;
			remoteInfo = TwoButtons;
		};
		14DA258A206BDF4F009A18CE /* PBXContainerItemProxy */ = {
			isa = PBXContainerItemProxy;
			containerPortal = 14DA2562206BDF4E009A18CE /* Project object */;
			proxyType = 1;
			remoteGlobalIDString = 14DA2569206BDF4E009A18CE;
			remoteInfo = TwoButtons;
		};
/* End PBXContainerItemProxy section */

/* Begin PBXFileReference section */
		14DA256A206BDF4E009A18CE /* TwoButtons.app */ = {isa = PBXFileReference; explicitFileType = wrapper.application; includeInIndex = 0; path = TwoButtons.app; sourceTree = BUILT_PRODUCTS_DIR; };
		14DA256D206BDF4F009A18CE /* AppDelegate.swift */ = {isa = PBXFileReference; lastKnownFileType = sourcecode.swift; path = AppDelegate.swift; sourceTree = "<group>"; };
		14DA256F206BDF4F009A18CE /* ViewController.swift */ = {isa = PBXFileReference; lastKnownFileType = sourcecode.swift; path = ViewController.swift; sourceTree = "<group>"; };
		14DA2572206BDF4F009A18CE /* Base */ = {isa = PBXFileReference; lastKnownFileType = file.storyboard; name = Base; path = Base.lproj/Main.storyboard; sourceTree = "<group>"; };
		14DA2574206BDF4F009A18CE /* Assets.xcassets */ = {isa = PBXFileReference; lastKnownFileType = folder.assetcatalog; path = Assets.xcassets; sourceTree = "<group>"; };
		14DA2577206BDF4F009A18CE /* Base */ = {isa = PBXFileReference; lastKnownFileType = file.storyboard; name = Base; path = Base.lproj/LaunchScreen.storyboard; sourceTree = "<group>"; };
		14DA2579206BDF4F009A18CE /* Info.plist */ = {isa = PBXFileReference; lastKnownFileType = text.plist.xml; path = Info.plist; sourceTree = "<group>"; };
		14DA257E206BDF4F009A18CE /* TwoButtonsTests.xctest */ = {isa = PBXFileReference; explicitFileType = wrapper.cfbundle; includeInIndex = 0; path = TwoButtonsTests.xctest; sourceTree = BUILT_PRODUCTS_DIR; };
		14DA2582206BDF4F009A18CE /* TwoButtonsTests.swift */ = {isa = PBXFileReference; lastKnownFileType = sourcecode.swift; path = TwoButtonsTests.swift; sourceTree = "<group>"; };
		14DA2584206BDF4F009A18CE /* Info.plist */ = {isa = PBXFileReference; lastKnownFileType = text.plist.xml; path = Info.plist; sourceTree = "<group>"; };
		14DA2589206BDF4F009A18CE /* TwoButtonsUITests.xctest */ = {isa = PBXFileReference; explicitFileType = wrapper.cfbundle; includeInIndex = 0; path = TwoButtonsUITests.xctest; sourceTree = BUILT_PRODUCTS_DIR; };
		14DA258D206BDF4F009A18CE /* TwoButtonsUITests.swift */ = {isa = PBXFileReference; lastKnownFileType = sourcecode.swift; path = TwoButtonsUITests.swift; sourceTree = "<group>"; };
		14DA258F206BDF4F009A18CE /* Info.plist */ = {isa = PBXFileReference; lastKnownFileType = text.plist.xml; path = Info.plist; sourceTree = "<group>"; };
/* End PBXFileReference section */

/* Begin PBXFrameworksBuildPhase section */
		14DA2567206BDF4E009A18CE /* Frameworks */ = {
			isa = PBXFrameworksBuildPhase;
			buildActionMask = 2147483647;
			files = (
			);
			runOnlyForDeploymentPostprocessing = 0;
		};
		14DA257B206BDF4F009A18CE /* Frameworks */ = {
			isa = PBXFrameworksBuildPhase;
			buildActionMask = 2147483647;
			files = (
			);
			runOnlyForDeploymentPostprocessing = 0;
		};
		14DA2586206BDF4F009A18CE /* Frameworks */ = {
			isa = PBXFrameworksBuildPhase;
			buildActionMask = 2147483647;
			files = (
			);
			runOnlyForDeploymentPostprocessing = 0;
		};
/* End PBXFrameworksBuildPhase section */

/* Begin PBXGroup section */
		14DA2561206BDF4E009A18CE = {
			isa = PBXGroup;
			children = (
				14DA256C206BDF4E009A18CE /* TwoButtons */,
				14DA2581206BDF4F009A18CE /* TwoButtonsTests */,
				14DA258C206BDF4F009A18CE /* TwoButtonsUITests */,
				14DA256B206BDF4E009A18CE /* Products */,
			);
			sourceTree = "<group>";
		};
		14DA256B206BDF4E009A18CE /* Products */ = {
			isa = PBXGroup;
			children = (
				14DA256A206BDF4E009A18CE /* TwoButtons.app */,
				14DA257E206BDF4F009A18CE /* TwoButtonsTests.xctest */,
				14DA2589206BDF4F009A18CE /* TwoButtonsUITests.xctest */,
			);
			name = Products;
			sourceTree = "<group>";
		};
		14DA256C206BDF4E009A18CE /* TwoButtons */ = {
			isa = PBXGroup;
			children = (
				14DA256D206BDF4F009A18CE /* AppDelegate.swift */,
				14DA256F206BDF4F009A18CE /* ViewController.swift */,
				14DA2571206BDF4F009A18CE /* Main.storyboard */,
				14DA2574206BDF4F009A18CE /* Assets.xcassets */,
				14DA2576206BDF4F009A18CE /* LaunchScreen.storyboard */,
				14DA2579206BDF4F009A18CE /* Info.plist */,
			);
			path = TwoButtons;
			sourceTree = "<group>";
		};
		14DA2581206BDF4F009A18CE /* TwoButtonsTests */ = {
			isa = PBXGroup;
			children = (
				14DA2582206BDF4F009A18CE /* TwoButtonsTests.swift */,
				14DA2584206BDF4F009A18CE /* Info.plist */,
			);
			path = TwoButtonsTests;
			sourceTree = "<group>";
		};
		14DA258C206BDF4F009A18CE /* TwoButtonsUITests */ = {
			isa = PBXGroup;
			children = (
				14DA258D206BDF4F009A18CE /* TwoButtonsUITests.swift */,
				14DA258F206BDF4F009A18CE /* Info.plist */,
			);
			path = TwoButtonsUITests;
			sourceTree = "<group>";
		};
/* End PBXGroup section */

/* Begin PBXNativeTarget section */
		14DA2569206BDF4E009A18CE /* TwoButtons */ = {
			isa = PBXNativeTarget;
			buildConfigurationList = 14DA2592206BDF4F009A18CE /* Build configuration list for PBXNativeTarget "TwoButtons" */;
			buildPhases = (
				14DA2566206BDF4E009A18CE /* Sources */,
				14DA2567206BDF4E009A18CE /* Frameworks */,
				14DA2568206BDF4E009A18CE /* Resources */,
			);
			buildRules = (
			);
			dependencies = (
			);
			name = TwoButtons;
			productName = TwoButtons;
			productReference = 14DA256A206BDF4E009A18CE /* TwoButtons.app */;
			productType = "com.apple.product-type.application";
		};
		14DA257D206BDF4F009A18CE /* TwoButtonsTests */ = {
			isa = PBXNativeTarget;
			buildConfigurationList = 14DA2595206BDF4F009A18CE /* Build configuration list for PBXNativeTarget "TwoButtonsTests" */;
			buildPhases = (
				14DA257A206BDF4F009A18CE /* Sources */,
				14DA257B206BDF4F009A18CE /* Frameworks */,
				14DA257C206BDF4F009A18CE /* Resources */,
			);
			buildRules = (
			);
			dependencies = (
				14DA2580206BDF4F009A18CE /* PBXTargetDependency */,
			);
			name = TwoButtonsTests;
			productName = TwoButtonsTests;
			productReference = 14DA257E206BDF4F009A18CE /* TwoButtonsTests.xctest */;
			productType = "com.apple.product-type.bundle.unit-test";
		};
		14DA2588206BDF4F009A18CE /* TwoButtonsUITests */ = {
			isa = PBXNativeTarget;
			buildConfigurationList = 14DA2598206BDF4F009A18CE /* Build configuration list for PBXNativeTarget "TwoButtonsUITests" */;
			buildPhases = (
				14DA2585206BDF4F009A18CE /* Sources */,
				14DA2586206BDF4F009A18CE /* Frameworks */,
				14DA2587206BDF4F009A18CE /* Resources */,
			);
			buildRules = (
			);
			dependencies = (
				14DA258B206BDF4F009A18CE /* PBXTargetDependency */,
			);
			name = TwoButtonsUITests;
			productName = TwoButtonsUITests;
			productReference = 14DA2589206BDF4F009A18CE /* TwoButtonsUITests.xctest */;
			productType = "com.apple.product-type.bundle.ui-testing";
		};
/* End PBXNativeTarget section */

/* Begin PBXProject section */
		14DA2562206BDF4E009A18CE /* Project object */ = {
			isa = PBXProject;
			attributes = {
				LastSwiftUpdateCheck = 0920;
				LastUpgradeCheck = 0920;
				ORGANIZATIONNAME = "Alicia Hanners";
				TargetAttributes = {
					14DA2569206BDF4E009A18CE = {
						CreatedOnToolsVersion = 9.2;
						ProvisioningStyle = Automatic;
					};
					14DA257D206BDF4F009A18CE = {
						CreatedOnToolsVersion = 9.2;
						ProvisioningStyle = Automatic;
						TestTargetID = 14DA2569206BDF4E009A18CE;
					};
					14DA2588206BDF4F009A18CE = {
						CreatedOnToolsVersion = 9.2;
						ProvisioningStyle = Automatic;
						TestTargetID = 14DA2569206BDF4E009A18CE;
					};
				};
			};
			buildConfigurationList = 14DA2565206BDF4E009A18CE /* Build configuration list for PBXProject "TwoButtons" */;
			compatibilityVersion = "Xcode 8.0";
			developmentRegion = en;
			hasScannedForEncodings = 0;
			knownRegions = (
				en,
				Base,
			);
			mainGroup = 14DA2561206BDF4E009A18CE;
			productRefGroup = 14DA256B206BDF4E009A18CE /* Products */;
			projectDirPath = "";
			projectRoot = "";
			targets = (
				14DA2569206BDF4E009A18CE /* TwoButtons */,
				14DA257D206BDF4F009A18CE /* TwoButtonsTests */,
				14DA2588206BDF4F009A18CE /* TwoButtonsUITests */,
			);
		};
/* End PBXProject section */

/* Begin PBXResourcesBuildPhase section */
		14DA2568206BDF4E009A18CE /* Resources */ = {
			isa = PBXResourcesBuildPhase;
			buildActionMask = 2147483647;
			files = (
				14DA2578206BDF4F009A18CE /* LaunchScreen.storyboard in Resources */,
				14DA2575206BDF4F009A18CE /* Assets.xcassets in Resources */,
				14DA2573206BDF4F009A18CE /* Main.storyboard in Resources */,
			);
			runOnlyForDeploymentPostprocessing = 0;
		};
		14DA257C206BDF4F009A18CE /* Resources */ = {
			isa = PBXResourcesBuildPhase;
			buildActionMask = 2147483647;
			files = (
			);
			runOnlyForDeploymentPostprocessing = 0;
		};
		14DA2587206BDF4F009A18CE /* Resources */ = {
			isa = PBXResourcesBuildPhase;
			buildActionMask = 2147483647;
			files = (
			);
			runOnlyForDeploymentPostprocessing = 0;
		};
/* End PBXResourcesBuildPhase section */

/* Begin PBXSourcesBuildPhase section */
		14DA2566206BDF4E009A18CE /* Sources */ = {
			isa = PBXSourcesBuildPhase;
			buildActionMask = 2147483647;
			files = (
				14DA2570206BDF4F009A18CE /* ViewController.swift in Sources */,
				14DA256E206BDF4F009A18CE /* AppDelegate.swift in Sources */,
			);
			runOnlyForDeploymentPostprocessing = 0;
		};
		14DA257A206BDF4F009A18CE /* Sources */ = {
			isa = PBXSourcesBuildPhase;
			buildActionMask = 2147483647;
			files = (
				14DA2583206BDF4F009A18CE /* TwoButtonsTests.swift in Sources */,
			);
			runOnlyForDeploymentPostprocessing = 0;
		};
		14DA2585206BDF4F009A18CE /* Sources */ = {
			isa = PBXSourcesBuildPhase;
			buildActionMask = 2147483647;
			files = (
				14DA258E206BDF4F009A18CE /* TwoButtonsUITests.swift in Sources */,
			);
			runOnlyForDeploymentPostprocessing = 0;
		};
/* End PBXSourcesBuildPhase section */

/* Begin PBXTargetDependency section */
		14DA2580206BDF4F009A18CE /* PBXTargetDependency */ = {
			isa = PBXTargetDependency;
			target = 14DA2569206BDF4E009A18CE /* TwoButtons */;
			targetProxy = 14DA257F206BDF4F009A18CE /* PBXContainerItemProxy */;
		};
		14DA258B206BDF4F009A18CE /* PBXTargetDependency */ = {
			isa = PBXTargetDependency;
			target = 14DA2569206BDF4E009A18CE /* TwoButtons */;
			targetProxy = 14DA258A206BDF4F009A18CE /* PBXContainerItemProxy */;
		};
/* End PBXTargetDependency section */

/* Begin PBXVariantGroup section */
		14DA2571206BDF4F009A18CE /* Main.storyboard */ = {
			isa = PBXVariantGroup;
			children = (
				14DA2572206BDF4F009A18CE /* Base */,
			);
			name = Main.storyboard;
			sourceTree = "<group>";
		};
		14DA2576206BDF4F009A18CE /* LaunchScreen.storyboard */ = {
			isa = PBXVariantGroup;
			children = (
				14DA2577206BDF4F009A18CE /* Base */,
			);
			name = LaunchScreen.storyboard;
			sourceTree = "<group>";
		};
/* End PBXVariantGroup section */

/* Begin XCBuildConfiguration section */
		14DA2590206BDF4F009A18CE /* Debug */ = {
			isa = XCBuildConfiguration;
			buildSettings = {
				ALWAYS_SEARCH_USER_PATHS = NO;
				CLANG_ANALYZER_NONNULL = YES;
				CLANG_ANALYZER_NUMBER_OBJECT_CONVERSION = YES_AGGRESSIVE;
				CLANG_CXX_LANGUAGE_STANDARD = "gnu++14";
				CLANG_CXX_LIBRARY = "libc++";
				CLANG_ENABLE_MODULES = YES;
				CLANG_ENABLE_OBJC_ARC = YES;
				CLANG_WARN_BLOCK_CAPTURE_AUTORELEASING = YES;
				CLANG_WARN_BOOL_CONVERSION = YES;
				CLANG_WARN_COMMA = YES;
				CLANG_WARN_CONSTANT_CONVERSION = YES;
				CLANG_WARN_DIRECT_OBJC_ISA_USAGE = YES_ERROR;
				CLANG_WARN_DOCUMENTATION_COMMENTS = YES;
				CLANG_WARN_EMPTY_BODY = YES;
				CLANG_WARN_ENUM_CONVERSION = YES;
				CLANG_WARN_INFINITE_RECURSION = YES;
				CLANG_WARN_INT_CONVERSION = YES;
				CLANG_WARN_NON_LITERAL_NULL_CONVERSION = YES;
				CLANG_WARN_OBJC_LITERAL_CONVERSION = YES;
				CLANG_WARN_OBJC_ROOT_CLASS = YES_ERROR;
				CLANG_WARN_RANGE_LOOP_ANALYSIS = YES;
				CLANG_WARN_STRICT_PROTOTYPES = YES;
				CLANG_WARN_SUSPICIOUS_MOVE = YES;
				CLANG_WARN_UNGUARDED_AVAILABILITY = YES_AGGRESSIVE;
				CLANG_WARN_UNREACHABLE_CODE = YES;
				CLANG_WARN__DUPLICATE_METHOD_MATCH = YES;
				CODE_SIGN_IDENTITY = "iPhone Developer";
				COPY_PHASE_STRIP = NO;
				DEBUG_INFORMATION_FORMAT = dwarf;
				ENABLE_STRICT_OBJC_MSGSEND = YES;
				ENABLE_TESTABILITY = YES;
				GCC_C_LANGUAGE_STANDARD = gnu11;
				GCC_DYNAMIC_NO_PIC = NO;
				GCC_NO_COMMON_BLOCKS = YES;
				GCC_OPTIMIZATION_LEVEL = 0;
				GCC_PREPROCESSOR_DEFINITIONS = (
					"DEBUG=1",
					"$(inherited)",
				);
				GCC_WARN_64_TO_32_BIT_CONVERSION = YES;
				GCC_WARN_ABOUT_RETURN_TYPE = YES_ERROR;
				GCC_WARN_UNDECLARED_SELECTOR = YES;
				GCC_WARN_UNINITIALIZED_AUTOS = YES_AGGRESSIVE;
				GCC_WARN_UNUSED_FUNCTION = YES;
				GCC_WARN_UNUSED_VARIABLE = YES;
				IPHONEOS_DEPLOYMENT_TARGET = 11.2;
				MTL_ENABLE_DEBUG_INFO = YES;
				ONLY_ACTIVE_ARCH = YES;
				SDKROOT = iphoneos;
				SWIFT_ACTIVE_COMPILATION_CONDITIONS = DEBUG;
				SWIFT_OPTIMIZATION_LEVEL = "-Onone";
			};
			name = Debug;
		};
		14DA2591206BDF4F009A18CE /* Release */ = {
			isa = XCBuildConfiguration;
			buildSettings = {
				ALWAYS_SEARCH_USER_PATHS = NO;
				CLANG_ANALYZER_NONNULL = YES;
				CLANG_ANALYZER_NUMBER_OBJECT_CONVERSION = YES_AGGRESSIVE;
				CLANG_CXX_LANGUAGE_STANDARD = "gnu++14";
				CLANG_CXX_LIBRARY = "libc++";
				CLANG_ENABLE_MODULES = YES;
				CLANG_ENABLE_OBJC_ARC = YES;
				CLANG_WARN_BLOCK_CAPTURE_AUTORELEASING = YES;
				CLANG_WARN_BOOL_CONVERSION = YES;
				CLANG_WARN_COMMA = YES;
				CLANG_WARN_CONSTANT_CONVERSION = YES;
				CLANG_WARN_DIRECT_OBJC_ISA_USAGE = YES_ERROR;
				CLANG_WARN_DOCUMENTATION_COMMENTS = YES;
				CLANG_WARN_EMPTY_BODY = YES;
				CLANG_WARN_ENUM_CONVERSION = YES;
				CLANG_WARN_INFINITE_RECURSION = YES;
				CLANG_WARN_INT_CONVERSION = YES;
				CLANG_WARN_NON_LITERAL_NULL_CONVERSION = YES;
				CLANG_WARN_OBJC_LITERAL_CONVERSION = YES;
				CLANG_WARN_OBJC_ROOT_CLASS = YES_ERROR;
				CLANG_WARN_RANGE_LOOP_ANALYSIS = YES;
				CLANG_WARN_STRICT_PROTOTYPES = YES;
				CLANG_WARN_SUSPICIOUS_MOVE = YES;
				CLANG_WARN_UNGUARDED_AVAILABILITY = YES_AGGRESSIVE;
				CLANG_WARN_UNREACHABLE_CODE = YES;
				CLANG_WARN__DUPLICATE_METHOD_MATCH = YES;
				CODE_SIGN_IDENTITY = "iPhone Developer";
				COPY_PHASE_STRIP = NO;
				DEBUG_INFORMATION_FORMAT = "dwarf-with-dsym";
				ENABLE_NS_ASSERTIONS = NO;
				ENABLE_STRICT_OBJC_MSGSEND = YES;
				GCC_C_LANGUAGE_STANDARD = gnu11;
				GCC_NO_COMMON_BLOCKS = YES;
				GCC_WARN_64_TO_32_BIT_CONVERSION = YES;
				GCC_WARN_ABOUT_RETURN_TYPE = YES_ERROR;
				GCC_WARN_UNDECLARED_SELECTOR = YES;
				GCC_WARN_UNINITIALIZED_AUTOS = YES_AGGRESSIVE;
				GCC_WARN_UNUSED_FUNCTION = YES;
				GCC_WARN_UNUSED_VARIABLE = YES;
				IPHONEOS_DEPLOYMENT_TARGET = 11.2;
				MTL_ENABLE_DEBUG_INFO = NO;
				SDKROOT = iphoneos;
				SWIFT_OPTIMIZATION_LEVEL = "-Owholemodule";
				VALIDATE_PRODUCT = YES;
			};
			name = Release;
		};
		14DA2593206BDF4F009A18CE /* Debug */ = {
			isa = XCBuildConfiguration;
			buildSettings = {
				ASSETCATALOG_COMPILER_APPICON_NAME = AppIcon;
				CODE_SIGN_STYLE = Automatic;
				INFOPLIST_FILE = TwoButtons/Info.plist;
				LD_RUNPATH_SEARCH_PATHS = "$(inherited) @executable_path/Frameworks";
				PRODUCT_BUNDLE_IDENTIFIER = com.example..TwoButtons;
				PRODUCT_NAME = "$(TARGET_NAME)";
				SWIFT_VERSION = 4.0;
				TARGETED_DEVICE_FAMILY = "1,2";
			};
			name = Debug;
		};
		14DA2594206BDF4F009A18CE /* Release */ = {
			isa = XCBuildConfiguration;
			buildSettings = {
				ASSETCATALOG_COMPILER_APPICON_NAME = AppIcon;
				CODE_SIGN_STYLE = Automatic;
				INFOPLIST_FILE = TwoButtons/Info.plist;
				LD_RUNPATH_SEARCH_PATHS = "$(inherited) @executable_path/Frameworks";
				PRODUCT_BUNDLE_IDENTIFIER = com.example..TwoButtons;
				PRODUCT_NAME = "$(TARGET_NAME)";
				SWIFT_VERSION = 4.0;
				TARGETED_DEVICE_FAMILY = "1,2";
			};
			name = Release;
		};
		14DA2596206BDF4F009A18CE /* Debug */ = {
			isa = XCBuildConfiguration;
			buildSettings = {
				ALWAYS_EMBED_SWIFT_STANDARD_LIBRARIES = YES;
				BUNDLE_LOADER = "$(TEST_HOST)";
				CODE_SIGN_STYLE = Automatic;
				INFOPLIST_FILE = TwoButtonsTests/Info.plist;
				LD_RUNPATH_SEARCH_PATHS = "$(inherited) @executable_path/Frameworks @loader_path/Frameworks";
				PRODUCT_BUNDLE_IDENTIFIER = com.example..TwoButtonsTests;
				PRODUCT_NAME = "$(TARGET_NAME)";
				SWIFT_VERSION = 4.0;
				TARGETED_DEVICE_FAMILY = "1,2";
				TEST_HOST = "$(BUILT_PRODUCTS_DIR)/TwoButtons.app/TwoButtons";
			};
			name = Debug;
		};
		14DA2597206BDF4F009A18CE /* Release */ = {
			isa = XCBuildConfiguration;
			buildSettings = {
				ALWAYS_EMBED_SWIFT_STANDARD_LIBRARIES = YES;
				BUNDLE_LOADER = "$(TEST_HOST)";
				CODE_SIGN_STYLE = Automatic;
				INFOPLIST_FILE = TwoButtonsTests/Info.plist;
				LD_RUNPATH_SEARCH_PATHS = "$(inherited) @executable_path/Frameworks @loader_path/Frameworks";
				PRODUCT_BUNDLE_IDENTIFIER = com.example..TwoButtonsTests;
				PRODUCT_NAME = "$(TARGET_NAME)";
				SWIFT_VERSION = 4.0;
				TARGETED_DEVICE_FAMILY = "1,2";
				TEST_HOST = "$(BUILT_PRODUCTS_DIR)/TwoButtons.app/TwoButtons";
			};
			name = Release;
		};
		14DA2599206BDF4F009A18CE /* Debug */ = {
			isa = XCBuildConfiguration;
			buildSettings = {
				ALWAYS_EMBED_SWIFT_STANDARD_LIBRARIES = YES;
				CODE_SIGN_STYLE = Automatic;
				INFOPLIST_FILE = TwoButtonsUITests/Info.plist;
				LD_RUNPATH_SEARCH_PATHS = "$(inherited) @executable_path/Frameworks @loader_path/Frameworks";
				PRODUCT_BUNDLE_IDENTIFIER = com.example..TwoButtonsUITests;
				PRODUCT_NAME = "$(TARGET_NAME)";
				SWIFT_VERSION = 4.0;
				TARGETED_DEVICE_FAMILY = "1,2";
				TEST_TARGET_NAME = TwoButtons;
			};
			name = Debug;
		};
		14DA259A206BDF4F009A18CE /* Release */ = {
			isa = XCBuildConfiguration;
			buildSettings = {
				ALWAYS_EMBED_SWIFT_STANDARD_LIBRARIES = YES;
				CODE_SIGN_STYLE = Automatic;
				INFOPLIST_FILE = TwoButtonsUITests/Info.plist;
				LD_RUNPATH_SEARCH_PATHS = "$(inherited) @executable_path/Frameworks @loader_path/Frameworks";
				PRODUCT_BUNDLE_IDENTIFIER = com.example..TwoButtonsUITests;
				PRODUCT_NAME = "$(TARGET_NAME)";
				SWIFT_VERSION = 4.0;
				TARGETED_DEVICE_FAMILY = "1,2";
				TEST_TARGET_NAME = TwoButtons;
			};
			name = Release;
		};
/* End XCBuildConfiguration section */

/* Begin XCConfigurationList section */
		14DA2565206BDF4E009A18CE /* Build configuration list for PBXProject "TwoButtons" */ = {
			isa = XCConfigurationList;
			buildConfigurations = (
				14DA2590206BDF4F009A18CE /* Debug */,
				14DA2591206BDF4F009A18CE /* Release */,
			);
			defaultConfigurationIsVisible = 0;
			defaultConfigurationName = Release;
		};
		14DA2592206BDF4F009A18CE /* Build configuration list for PBXNativeTarget "TwoButtons" */ = {
			isa = XCConfigurationList;
			buildConfigurations = (
				14DA2593206BDF4F009A18CE /* Debug */,
				14DA2594206BDF4F009A18CE /* Release */,
			);
			defaultConfigurationIsVisible = 0;
			defaultConfigurationName = Release;
		};
		14DA2595206BDF4F009A18CE /* Build configuration list for PBXNativeTarget "TwoButtonsTests" */ = {
			isa = XCConfigurationList;
			buildConfigurations = (
				14DA2596206BDF4F009A18CE /* Debug */,
				14DA2597206BDF4F009A18CE /* Release */,
			);
			defaultConfigurationIsVisible = 0;
			defaultConfigurationName = Release;
		};
		14DA2598206BDF4F009A18CE /* Build configuration list for PBXNativeTarget "TwoButtonsUITests" */ = {
			isa = XCConfigurationList;
			buildConfigurations = (
				14DA2599206BDF4F009A18CE /* Debug */,
				14DA259A206BDF4F009A18CE /* Release */,
			);
			defaultConfigurationIsVisible = 0;
			defaultConfigurationName = Release;
		};
/* End XCConfigurationList section */
	};
	rootObject = 14DA2562206BDF4E009A18CE /* Project object */;
}
